
Microsoft Visual Studio Solution File, Format Version 12.00
# Visual Studio Version 17
VisualStudioVersion = 17.10.35027.167
MinimumVisualStudioVersion = 10.0.40219.1
Project("{9A19103F-16F7-4668-BE54-9A1E7A4F7556}") = "HospitalApi", "TechTalk_Test\HospitalApi.csproj", "{43EE9312-72BD-44CA-A234-866B227DEDAF}"
EndProject
Project("{9A19103F-16F7-4668-BE54-9A1E7A4F7556}") = "tecktalk.dbengine", "tecktalk.dbengine\tecktalk.dbengine.csproj", "{AB17DE5D-3B83-4679-895E-68A632EED858}"
EndProject
Global
	GlobalSection(SolutionConfigurationPlatforms) = preSolution
		Debug|Any CPU = Debug|Any CPU
		Release|Any CPU = Release|Any CPU
	EndGlobalSection
	GlobalSection(ProjectConfigurationPlatforms) = postSolution
		{43EE9312-72BD-44CA-A234-866B227DEDAF}.Debug|Any CPU.ActiveCfg = Debug|Any CPU
		{43EE9312-72BD-44CA-A234-866B227DEDAF}.Debug|Any CPU.Build.0 = Debug|Any CPU
		{43EE9312-72BD-44CA-A234-866B227DEDAF}.Release|Any CPU.ActiveCfg = Release|Any CPU
		{43EE9312-72BD-44CA-A234-866B227DEDAF}.Release|Any CPU.Build.0 = Release|Any CPU
		{AB17DE5D-3B83-4679-895E-68A632EED858}.Debug|Any CPU.ActiveCfg = Debug|Any CPU
		{AB17DE5D-3B83-4679-895E-68A632EED858}.Debug|Any CPU.Build.0 = Debug|Any CPU
		{AB17DE5D-3B83-4679-895E-68A632EED858}.Release|Any CPU.ActiveCfg = Release|Any CPU
		{AB17DE5D-3B83-4679-895E-68A632EED858}.Release|Any CPU.Build.0 = Release|Any CPU
	EndGlobalSection
	GlobalSection(SolutionProperties) = preSolution
		HideSolutionNode = FALSE
	EndGlobalSection
	GlobalSection(ExtensibilityGlobals) = postSolution
		SolutionGuid = {3329514F-5839-4CBF-90F7-8FDD622E16AE}
	EndGlobalSection
EndGlobal
